// !$*UTF8*$!
{
	archiveVersion = 1;
	classes = {
	};
	objectVersion = 46;
	objects = {

/* Begin PBXBuildFile section */
		630217A01BB12618002C1063 /* AppDelegate.swift in Sources */ = {isa = PBXBuildFile; fileRef = 6302179F1BB12618002C1063 /* AppDelegate.swift */; };
		630217A51BB12618002C1063 /* Main.storyboard in Resources */ = {isa = PBXBuildFile; fileRef = 630217A31BB12618002C1063 /* Main.storyboard */; };
		630217A71BB12618002C1063 /* Assets.xcassets in Resources */ = {isa = PBXBuildFile; fileRef = 630217A61BB12618002C1063 /* Assets.xcassets */; };
		630217AA1BB12618002C1063 /* LaunchScreen.storyboard in Resources */ = {isa = PBXBuildFile; fileRef = 630217A81BB12618002C1063 /* LaunchScreen.storyboard */; };
		630217B51BB12618002C1063 /* PitchAwesomeTests.swift in Sources */ = {isa = PBXBuildFile; fileRef = 630217B41BB12618002C1063 /* PitchAwesomeTests.swift */; };
		630217C01BB12618002C1063 /* PitchAwesomeUITests.swift in Sources */ = {isa = PBXBuildFile; fileRef = 630217BF1BB12618002C1063 /* PitchAwesomeUITests.swift */; };
		630217CE1BB12905002C1063 /* SongsViewController.swift in Sources */ = {isa = PBXBuildFile; fileRef = 630217CD1BB12905002C1063 /* SongsViewController.swift */; };
		630217D01BB12C55002C1063 /* Song.swift in Sources */ = {isa = PBXBuildFile; fileRef = 630217CF1BB12C55002C1063 /* Song.swift */; };
		630217D21BB12DB4002C1063 /* SongDetailsViewController.swift in Sources */ = {isa = PBXBuildFile; fileRef = 630217D11BB12DB4002C1063 /* SongDetailsViewController.swift */; };
		630217D41BB12E8C002C1063 /* DataModel.swift in Sources */ = {isa = PBXBuildFile; fileRef = 630217D31BB12E8C002C1063 /* DataModel.swift */; };
		634BFD421BF06DF3007C6A89 /* DarkView.swift in Sources */ = {isa = PBXBuildFile; fileRef = 634BFD411BF06DF3007C6A89 /* DarkView.swift */; };
		634BFD441BF083E9007C6A89 /* UIFunctions.swift in Sources */ = {isa = PBXBuildFile; fileRef = 634BFD431BF083E9007C6A89 /* UIFunctions.swift */; };
		6374072F1BB3BAAA0049AFE7 /* SongButton.swift in Sources */ = {isa = PBXBuildFile; fileRef = 6374072E1BB3BAAA0049AFE7 /* SongButton.swift */; };
		637407311BB3C51D0049AFE7 /* TonePlayer.swift in Sources */ = {isa = PBXBuildFile; fileRef = 637407301BB3C51D0049AFE7 /* TonePlayer.swift */; };
		637631B21BBA5505001F5B0D /* PitchPipeViewController.swift in Sources */ = {isa = PBXBuildFile; fileRef = 637631B11BBA5505001F5B0D /* PitchPipeViewController.swift */; };
		639343C41BB7755800786A9D /* tones in Resources */ = {isa = PBXBuildFile; fileRef = 639343C31BB7755800786A9D /* tones */; };
/* End PBXBuildFile section */

/* Begin PBXContainerItemProxy section */
		630217B11BB12618002C1063 /* PBXContainerItemProxy */ = {
			isa = PBXContainerItemProxy;
			containerPortal = 630217941BB12618002C1063 /* Project object */;
			proxyType = 1;
			remoteGlobalIDString = 6302179B1BB12618002C1063;
			remoteInfo = PitchAwesome;
		};
		630217BC1BB12618002C1063 /* PBXContainerItemProxy */ = {
			isa = PBXContainerItemProxy;
			containerPortal = 630217941BB12618002C1063 /* Project object */;
			proxyType = 1;
			remoteGlobalIDString = 6302179B1BB12618002C1063;
			remoteInfo = PitchAwesome;
		};
/* End PBXContainerItemProxy section */

/* Begin PBXFileReference section */
		6302179C1BB12618002C1063 /* PitchAwesome.app */ = {isa = PBXFileReference; explicitFileType = wrapper.application; includeInIndex = 0; path = PitchAwesome.app; sourceTree = BUILT_PRODUCTS_DIR; };
		6302179F1BB12618002C1063 /* AppDelegate.swift */ = {isa = PBXFileReference; lastKnownFileType = sourcecode.swift; path = AppDelegate.swift; sourceTree = "<group>"; };
		630217A41BB12618002C1063 /* Base */ = {isa = PBXFileReference; lastKnownFileType = file.storyboard; name = Base; path = Base.lproj/Main.storyboard; sourceTree = "<group>"; };
		630217A61BB12618002C1063 /* Assets.xcassets */ = {isa = PBXFileReference; lastKnownFileType = folder.assetcatalog; path = Assets.xcassets; sourceTree = "<group>"; };
		630217A91BB12618002C1063 /* Base */ = {isa = PBXFileReference; lastKnownFileType = file.storyboard; name = Base; path = Base.lproj/LaunchScreen.storyboard; sourceTree = "<group>"; };
		630217AB1BB12618002C1063 /* Info.plist */ = {isa = PBXFileReference; lastKnownFileType = text.plist.xml; path = Info.plist; sourceTree = "<group>"; };
		630217B01BB12618002C1063 /* PitchAwesomeTests.xctest */ = {isa = PBXFileReference; explicitFileType = wrapper.cfbundle; includeInIndex = 0; path = PitchAwesomeTests.xctest; sourceTree = BUILT_PRODUCTS_DIR; };
		630217B41BB12618002C1063 /* PitchAwesomeTests.swift */ = {isa = PBXFileReference; lastKnownFileType = sourcecode.swift; path = PitchAwesomeTests.swift; sourceTree = "<group>"; };
		630217B61BB12618002C1063 /* Info.plist */ = {isa = PBXFileReference; lastKnownFileType = text.plist.xml; path = Info.plist; sourceTree = "<group>"; };
		630217BB1BB12618002C1063 /* PitchAwesomeUITests.xctest */ = {isa = PBXFileReference; explicitFileType = wrapper.cfbundle; includeInIndex = 0; path = PitchAwesomeUITests.xctest; sourceTree = BUILT_PRODUCTS_DIR; };
		630217BF1BB12618002C1063 /* PitchAwesomeUITests.swift */ = {isa = PBXFileReference; lastKnownFileType = sourcecode.swift; path = PitchAwesomeUITests.swift; sourceTree = "<group>"; };
		630217C11BB12618002C1063 /* Info.plist */ = {isa = PBXFileReference; lastKnownFileType = text.plist.xml; path = Info.plist; sourceTree = "<group>"; };
		630217CD1BB12905002C1063 /* SongsViewController.swift */ = {isa = PBXFileReference; fileEncoding = 4; lastKnownFileType = sourcecode.swift; path = SongsViewController.swift; sourceTree = "<group>"; };
		630217CF1BB12C55002C1063 /* Song.swift */ = {isa = PBXFileReference; fileEncoding = 4; lastKnownFileType = sourcecode.swift; path = Song.swift; sourceTree = "<group>"; };
		630217D11BB12DB4002C1063 /* SongDetailsViewController.swift */ = {isa = PBXFileReference; fileEncoding = 4; lastKnownFileType = sourcecode.swift; path = SongDetailsViewController.swift; sourceTree = "<group>"; };
		630217D31BB12E8C002C1063 /* DataModel.swift */ = {isa = PBXFileReference; fileEncoding = 4; lastKnownFileType = sourcecode.swift; path = DataModel.swift; sourceTree = "<group>"; };
		634BFD411BF06DF3007C6A89 /* DarkView.swift */ = {isa = PBXFileReference; fileEncoding = 4; lastKnownFileType = sourcecode.swift; path = DarkView.swift; sourceTree = "<group>"; };
		634BFD431BF083E9007C6A89 /* UIFunctions.swift */ = {isa = PBXFileReference; fileEncoding = 4; lastKnownFileType = sourcecode.swift; path = UIFunctions.swift; sourceTree = "<group>"; };
		6374072E1BB3BAAA0049AFE7 /* SongButton.swift */ = {isa = PBXFileReference; fileEncoding = 4; lastKnownFileType = sourcecode.swift; path = SongButton.swift; sourceTree = "<group>"; };
		637407301BB3C51D0049AFE7 /* TonePlayer.swift */ = {isa = PBXFileReference; fileEncoding = 4; lastKnownFileType = sourcecode.swift; path = TonePlayer.swift; sourceTree = "<group>"; };
		637631B11BBA5505001F5B0D /* PitchPipeViewController.swift */ = {isa = PBXFileReference; fileEncoding = 4; lastKnownFileType = sourcecode.swift; path = PitchPipeViewController.swift; sourceTree = "<group>"; };
		639343C31BB7755800786A9D /* tones */ = {isa = PBXFileReference; lastKnownFileType = folder; path = tones; sourceTree = "<group>"; };
/* End PBXFileReference section */

/* Begin PBXFrameworksBuildPhase section */
		630217991BB12618002C1063 /* Frameworks */ = {
			isa = PBXFrameworksBuildPhase;
			buildActionMask = 2147483647;
			files = (
			);
			runOnlyForDeploymentPostprocessing = 0;
		};
		630217AD1BB12618002C1063 /* Frameworks */ = {
			isa = PBXFrameworksBuildPhase;
			buildActionMask = 2147483647;
			files = (
			);
			runOnlyForDeploymentPostprocessing = 0;
		};
		630217B81BB12618002C1063 /* Frameworks */ = {
			isa = PBXFrameworksBuildPhase;
			buildActionMask = 2147483647;
			files = (
			);
			runOnlyForDeploymentPostprocessing = 0;
		};
/* End PBXFrameworksBuildPhase section */

/* Begin PBXGroup section */
		630217931BB12618002C1063 = {
			isa = PBXGroup;
			children = (
				6302179E1BB12618002C1063 /* PitchAwesome */,
				630217B31BB12618002C1063 /* PitchAwesomeTests */,
				630217BE1BB12618002C1063 /* PitchAwesomeUITests */,
				6302179D1BB12618002C1063 /* Products */,
			);
			sourceTree = "<group>";
		};
		6302179D1BB12618002C1063 /* Products */ = {
			isa = PBXGroup;
			children = (
				6302179C1BB12618002C1063 /* PitchAwesome.app */,
				630217B01BB12618002C1063 /* PitchAwesomeTests.xctest */,
				630217BB1BB12618002C1063 /* PitchAwesomeUITests.xctest */,
			);
			name = Products;
			sourceTree = "<group>";
		};
		6302179E1BB12618002C1063 /* PitchAwesome */ = {
			isa = PBXGroup;
			children = (
				639343C31BB7755800786A9D /* tones */,
				6302179F1BB12618002C1063 /* AppDelegate.swift */,
				630217D31BB12E8C002C1063 /* DataModel.swift */,
				634BFD411BF06DF3007C6A89 /* DarkView.swift */,
				630217CF1BB12C55002C1063 /* Song.swift */,
				630217CD1BB12905002C1063 /* SongsViewController.swift */,
				6374072E1BB3BAAA0049AFE7 /* SongButton.swift */,
				637631B11BBA5505001F5B0D /* PitchPipeViewController.swift */,
				630217D11BB12DB4002C1063 /* SongDetailsViewController.swift */,
				637407301BB3C51D0049AFE7 /* TonePlayer.swift */,
				630217A31BB12618002C1063 /* Main.storyboard */,
				630217A61BB12618002C1063 /* Assets.xcassets */,
				630217A81BB12618002C1063 /* LaunchScreen.storyboard */,
				630217AB1BB12618002C1063 /* Info.plist */,
				634BFD431BF083E9007C6A89 /* UIFunctions.swift */,
			);
			path = PitchAwesome;
			sourceTree = "<group>";
		};
		630217B31BB12618002C1063 /* PitchAwesomeTests */ = {
			isa = PBXGroup;
			children = (
				630217B41BB12618002C1063 /* PitchAwesomeTests.swift */,
				630217B61BB12618002C1063 /* Info.plist */,
			);
			path = PitchAwesomeTests;
			sourceTree = "<group>";
		};
		630217BE1BB12618002C1063 /* PitchAwesomeUITests */ = {
			isa = PBXGroup;
			children = (
				630217BF1BB12618002C1063 /* PitchAwesomeUITests.swift */,
				630217C11BB12618002C1063 /* Info.plist */,
			);
			path = PitchAwesomeUITests;
			sourceTree = "<group>";
		};
/* End PBXGroup section */

/* Begin PBXNativeTarget section */
		6302179B1BB12618002C1063 /* PitchAwesome */ = {
			isa = PBXNativeTarget;
			buildConfigurationList = 630217C41BB12618002C1063 /* Build configuration list for PBXNativeTarget "PitchAwesome" */;
			buildPhases = (
				630217981BB12618002C1063 /* Sources */,
				630217991BB12618002C1063 /* Frameworks */,
				6302179A1BB12618002C1063 /* Resources */,
			);
			buildRules = (
			);
			dependencies = (
			);
			name = PitchAwesome;
			productName = PitchAwesome;
			productReference = 6302179C1BB12618002C1063 /* PitchAwesome.app */;
			productType = "com.apple.product-type.application";
		};
		630217AF1BB12618002C1063 /* PitchAwesomeTests */ = {
			isa = PBXNativeTarget;
			buildConfigurationList = 630217C71BB12618002C1063 /* Build configuration list for PBXNativeTarget "PitchAwesomeTests" */;
			buildPhases = (
				630217AC1BB12618002C1063 /* Sources */,
				630217AD1BB12618002C1063 /* Frameworks */,
				630217AE1BB12618002C1063 /* Resources */,
			);
			buildRules = (
			);
			dependencies = (
				630217B21BB12618002C1063 /* PBXTargetDependency */,
			);
			name = PitchAwesomeTests;
			productName = PitchAwesomeTests;
			productReference = 630217B01BB12618002C1063 /* PitchAwesomeTests.xctest */;
			productType = "com.apple.product-type.bundle.unit-test";
		};
		630217BA1BB12618002C1063 /* PitchAwesomeUITests */ = {
			isa = PBXNativeTarget;
			buildConfigurationList = 630217CA1BB12618002C1063 /* Build configuration list for PBXNativeTarget "PitchAwesomeUITests" */;
			buildPhases = (
				630217B71BB12618002C1063 /* Sources */,
				630217B81BB12618002C1063 /* Frameworks */,
				630217B91BB12618002C1063 /* Resources */,
			);
			buildRules = (
			);
			dependencies = (
				630217BD1BB12618002C1063 /* PBXTargetDependency */,
			);
			name = PitchAwesomeUITests;
			productName = PitchAwesomeUITests;
			productReference = 630217BB1BB12618002C1063 /* PitchAwesomeUITests.xctest */;
			productType = "com.apple.product-type.bundle.ui-testing";
		};
/* End PBXNativeTarget section */

/* Begin PBXProject section */
		630217941BB12618002C1063 /* Project object */ = {
			isa = PBXProject;
			attributes = {
				LastSwiftUpdateCheck = 0700;
				LastUpgradeCheck = 0700;
				ORGANIZATIONNAME = DB;
				TargetAttributes = {
					6302179B1BB12618002C1063 = {
						CreatedOnToolsVersion = 7.0;
						DevelopmentTeam = 2MUPH5M8H8;
					};
					630217AF1BB12618002C1063 = {
						CreatedOnToolsVersion = 7.0;
						DevelopmentTeam = 8M65A3GAXJ;
						TestTargetID = 6302179B1BB12618002C1063;
					};
					630217BA1BB12618002C1063 = {
						CreatedOnToolsVersion = 7.0;
						DevelopmentTeam = 8M65A3GAXJ;
						TestTargetID = 6302179B1BB12618002C1063;
					};
				};
			};
			buildConfigurationList = 630217971BB12618002C1063 /* Build configuration list for PBXProject "PitchAwesome" */;
			compatibilityVersion = "Xcode 3.2";
			developmentRegion = English;
			hasScannedForEncodings = 0;
			knownRegions = (
				en,
				Base,
			);
			mainGroup = 630217931BB12618002C1063;
			productRefGroup = 6302179D1BB12618002C1063 /* Products */;
			projectDirPath = "";
			projectRoot = "";
			targets = (
				6302179B1BB12618002C1063 /* PitchAwesome */,
				630217AF1BB12618002C1063 /* PitchAwesomeTests */,
				630217BA1BB12618002C1063 /* PitchAwesomeUITests */,
			);
		};
/* End PBXProject section */

/* Begin PBXResourcesBuildPhase section */
		6302179A1BB12618002C1063 /* Resources */ = {
			isa = PBXResourcesBuildPhase;
			buildActionMask = 2147483647;
			files = (
				630217AA1BB12618002C1063 /* LaunchScreen.storyboard in Resources */,
				630217A71BB12618002C1063 /* Assets.xcassets in Resources */,
				639343C41BB7755800786A9D /* tones in Resources */,
				630217A51BB12618002C1063 /* Main.storyboard in Resources */,
			);
			runOnlyForDeploymentPostprocessing = 0;
		};
		630217AE1BB12618002C1063 /* Resources */ = {
			isa = PBXResourcesBuildPhase;
			buildActionMask = 2147483647;
			files = (
			);
			runOnlyForDeploymentPostprocessing = 0;
		};
		630217B91BB12618002C1063 /* Resources */ = {
			isa = PBXResourcesBuildPhase;
			buildActionMask = 2147483647;
			files = (
			);
			runOnlyForDeploymentPostprocessing = 0;
		};
/* End PBXResourcesBuildPhase section */

/* Begin PBXSourcesBuildPhase section */
		630217981BB12618002C1063 /* Sources */ = {
			isa = PBXSourcesBuildPhase;
			buildActionMask = 2147483647;
			files = (
				6374072F1BB3BAAA0049AFE7 /* SongButton.swift in Sources */,
				630217D41BB12E8C002C1063 /* DataModel.swift in Sources */,
				630217D01BB12C55002C1063 /* Song.swift in Sources */,
				630217CE1BB12905002C1063 /* SongsViewController.swift in Sources */,
				630217D21BB12DB4002C1063 /* SongDetailsViewController.swift in Sources */,
				634BFD441BF083E9007C6A89 /* UIFunctions.swift in Sources */,
				637631B21BBA5505001F5B0D /* PitchPipeViewController.swift in Sources */,
				630217A01BB12618002C1063 /* AppDelegate.swift in Sources */,
				634BFD421BF06DF3007C6A89 /* DarkView.swift in Sources */,
				637407311BB3C51D0049AFE7 /* TonePlayer.swift in Sources */,
			);
			runOnlyForDeploymentPostprocessing = 0;
		};
		630217AC1BB12618002C1063 /* Sources */ = {
			isa = PBXSourcesBuildPhase;
			buildActionMask = 2147483647;
			files = (
				630217B51BB12618002C1063 /* PitchAwesomeTests.swift in Sources */,
			);
			runOnlyForDeploymentPostprocessing = 0;
		};
		630217B71BB12618002C1063 /* Sources */ = {
			isa = PBXSourcesBuildPhase;
			buildActionMask = 2147483647;
			files = (
				630217C01BB12618002C1063 /* PitchAwesomeUITests.swift in Sources */,
			);
			runOnlyForDeploymentPostprocessing = 0;
		};
/* End PBXSourcesBuildPhase section */

/* Begin PBXTargetDependency section */
		630217B21BB12618002C1063 /* PBXTargetDependency */ = {
			isa = PBXTargetDependency;
			target = 6302179B1BB12618002C1063 /* PitchAwesome */;
			targetProxy = 630217B11BB12618002C1063 /* PBXContainerItemProxy */;
		};
		630217BD1BB12618002C1063 /* PBXTargetDependency */ = {
			isa = PBXTargetDependency;
			target = 6302179B1BB12618002C1063 /* PitchAwesome */;
			targetProxy = 630217BC1BB12618002C1063 /* PBXContainerItemProxy */;
		};
/* End PBXTargetDependency section */

/* Begin PBXVariantGroup section */
		630217A31BB12618002C1063 /* Main.storyboard */ = {
			isa = PBXVariantGroup;
			children = (
				630217A41BB12618002C1063 /* Base */,
			);
			name = Main.storyboard;
			sourceTree = "<group>";
		};
		630217A81BB12618002C1063 /* LaunchScreen.storyboard */ = {
			isa = PBXVariantGroup;
			children = (
				630217A91BB12618002C1063 /* Base */,
			);
			name = LaunchScreen.storyboard;
			sourceTree = "<group>";
		};
/* End PBXVariantGroup section */

/* Begin XCBuildConfiguration section */
		630217C21BB12618002C1063 /* Debug */ = {
			isa = XCBuildConfiguration;
			buildSettings = {
				ALWAYS_SEARCH_USER_PATHS = NO;
				CLANG_CXX_LANGUAGE_STANDARD = "gnu++0x";
				CLANG_CXX_LIBRARY = "libc++";
				CLANG_ENABLE_MODULES = YES;
				CLANG_ENABLE_OBJC_ARC = YES;
				CLANG_WARN_BOOL_CONVERSION = YES;
				CLANG_WARN_CONSTANT_CONVERSION = YES;
				CLANG_WARN_DIRECT_OBJC_ISA_USAGE = YES_ERROR;
				CLANG_WARN_EMPTY_BODY = YES;
				CLANG_WARN_ENUM_CONVERSION = YES;
				CLANG_WARN_INT_CONVERSION = YES;
				CLANG_WARN_OBJC_ROOT_CLASS = YES_ERROR;
				CLANG_WARN_UNREACHABLE_CODE = YES;
				CLANG_WARN__DUPLICATE_METHOD_MATCH = YES;
				"CODE_SIGN_IDENTITY[sdk=iphoneos*]" = "iPhone Developer";
				COPY_PHASE_STRIP = NO;
				DEBUG_INFORMATION_FORMAT = dwarf;
				ENABLE_STRICT_OBJC_MSGSEND = YES;
				ENABLE_TESTABILITY = YES;
				GCC_C_LANGUAGE_STANDARD = gnu99;
				GCC_DYNAMIC_NO_PIC = NO;
				GCC_NO_COMMON_BLOCKS = YES;
				GCC_OPTIMIZATION_LEVEL = 0;
				GCC_PREPROCESSOR_DEFINITIONS = (
					"DEBUG=1",
					"$(inherited)",
				);
				GCC_WARN_64_TO_32_BIT_CONVERSION = YES;
				GCC_WARN_ABOUT_RETURN_TYPE = YES_ERROR;
				GCC_WARN_UNDECLARED_SELECTOR = YES;
				GCC_WARN_UNINITIALIZED_AUTOS = YES_AGGRESSIVE;
				GCC_WARN_UNUSED_FUNCTION = YES;
				GCC_WARN_UNUSED_VARIABLE = YES;
				IPHONEOS_DEPLOYMENT_TARGET = 8.0;
				MTL_ENABLE_DEBUG_INFO = YES;
				ONLY_ACTIVE_ARCH = YES;
				SDKROOT = iphoneos;
				SWIFT_OPTIMIZATION_LEVEL = "-Onone";
				TARGETED_DEVICE_FAMILY = "1,2";
			};
			name = Debug;
		};
		630217C31BB12618002C1063 /* Release */ = {
			isa = XCBuildConfiguration;
			buildSettings = {
				ALWAYS_SEARCH_USER_PATHS = NO;
				CLANG_CXX_LANGUAGE_STANDARD = "gnu++0x";
				CLANG_CXX_LIBRARY = "libc++";
				CLANG_ENABLE_MODULES = YES;
				CLANG_ENABLE_OBJC_ARC = YES;
				CLANG_WARN_BOOL_CONVERSION = YES;
				CLANG_WARN_CONSTANT_CONVERSION = YES;
				CLANG_WARN_DIRECT_OBJC_ISA_USAGE = YES_ERROR;
				CLANG_WARN_EMPTY_BODY = YES;
				CLANG_WARN_ENUM_CONVERSION = YES;
				CLANG_WARN_INT_CONVERSION = YES;
				CLANG_WARN_OBJC_ROOT_CLASS = YES_ERROR;
				CLANG_WARN_UNREACHABLE_CODE = YES;
				CLANG_WARN__DUPLICATE_METHOD_MATCH = YES;
				CODE_SIGN_IDENTITY = "iPhone Developer";
				"CODE_SIGN_IDENTITY[sdk=iphoneos*]" = "iPhone Developer";
				COPY_PHASE_STRIP = NO;
				DEBUG_INFORMATION_FORMAT = "dwarf-with-dsym";
				ENABLE_NS_ASSERTIONS = NO;
				ENABLE_STRICT_OBJC_MSGSEND = YES;
				GCC_C_LANGUAGE_STANDARD = gnu99;
				GCC_NO_COMMON_BLOCKS = YES;
				GCC_WARN_64_TO_32_BIT_CONVERSION = YES;
				GCC_WARN_ABOUT_RETURN_TYPE = YES_ERROR;
				GCC_WARN_UNDECLARED_SELECTOR = YES;
				GCC_WARN_UNINITIALIZED_AUTOS = YES_AGGRESSIVE;
				GCC_WARN_UNUSED_FUNCTION = YES;
				GCC_WARN_UNUSED_VARIABLE = YES;
				IPHONEOS_DEPLOYMENT_TARGET = 8.0;
				MTL_ENABLE_DEBUG_INFO = NO;
				SDKROOT = iphoneos;
				TARGETED_DEVICE_FAMILY = "1,2";
				VALIDATE_PRODUCT = YES;
			};
			name = Release;
		};
		630217C51BB12618002C1063 /* Debug */ = {
			isa = XCBuildConfiguration;
			buildSettings = {
				ASSETCATALOG_COMPILER_APPICON_NAME = AppIcon;
				CLANG_ENABLE_MODULES = YES;
				CODE_SIGN_IDENTITY = "iPhone Developer";
				INFOPLIST_FILE = PitchAwesome/Info.plist;
				LD_RUNPATH_SEARCH_PATHS = "$(inherited) @executable_path/Frameworks";
				PRODUCT_BUNDLE_IDENTIFIER = xavdid.PitchAwesome;
				PRODUCT_NAME = "$(TARGET_NAME)";
				SWIFT_OBJC_BRIDGING_HEADER = "";
				SWIFT_OPTIMIZATION_LEVEL = "-Onone";
			};
			name = Debug;
		};
		630217C61BB12618002C1063 /* Release */ = {
			isa = XCBuildConfiguration;
			buildSettings = {
				ASSETCATALOG_COMPILER_APPICON_NAME = AppIcon;
				CLANG_ENABLE_MODULES = YES;
				CODE_SIGN_IDENTITY = "iPhone Developer";
				INFOPLIST_FILE = PitchAwesome/Info.plist;
				LD_RUNPATH_SEARCH_PATHS = "$(inherited) @executable_path/Frameworks";
				PRODUCT_BUNDLE_IDENTIFIER = xavdid.PitchAwesome;
				PRODUCT_NAME = "$(TARGET_NAME)";
				SWIFT_OBJC_BRIDGING_HEADER = "";
			};
			name = Release;
		};
		630217C81BB12618002C1063 /* Debug */ = {
			isa = XCBuildConfiguration;
			buildSettings = {
				BUNDLE_LOADER = "$(TEST_HOST)";
				INFOPLIST_FILE = PitchAwesomeTests/Info.plist;
				LD_RUNPATH_SEARCH_PATHS = "$(inherited) @executable_path/Frameworks @loader_path/Frameworks";
				PRODUCT_BUNDLE_IDENTIFIER = dbrownman.PitchAwesomeTests;
				PRODUCT_NAME = "$(TARGET_NAME)";
				TEST_HOST = "$(BUILT_PRODUCTS_DIR)/PitchAwesome.app/PitchAwesome";
			};
			name = Debug;
		};
		630217C91BB12618002C1063 /* Release */ = {
			isa = XCBuildConfiguration;
			buildSettings = {
				BUNDLE_LOADER = "$(TEST_HOST)";
				INFOPLIST_FILE = PitchAwesomeTests/Info.plist;
				LD_RUNPATH_SEARCH_PATHS = "$(inherited) @executable_path/Frameworks @loader_path/Frameworks";
				PRODUCT_BUNDLE_IDENTIFIER = dbrownman.PitchAwesomeTests;
				PRODUCT_NAME = "$(TARGET_NAME)";
				TEST_HOST = "$(BUILT_PRODUCTS_DIR)/PitchAwesome.app/PitchAwesome";
			};
			name = Release;
		};
		630217CB1BB12618002C1063 /* Debug */ = {
			isa = XCBuildConfiguration;
			buildSettings = {
				INFOPLIST_FILE = PitchAwesomeUITests/Info.plist;
				LD_RUNPATH_SEARCH_PATHS = "$(inherited) @executable_path/Frameworks @loader_path/Frameworks";
				PRODUCT_BUNDLE_IDENTIFIER = dbrownman.PitchAwesomeUITests;
				PRODUCT_NAME = "$(TARGET_NAME)";
				TEST_TARGET_NAME = PitchAwesome;
				USES_XCTRUNNER = YES;
			};
			name = Debug;
		};
		630217CC1BB12618002C1063 /* Release */ = {
			isa = XCBuildConfiguration;
			buildSettings = {
				INFOPLIST_FILE = PitchAwesomeUITests/Info.plist;
				LD_RUNPATH_SEARCH_PATHS = "$(inherited) @executable_path/Frameworks @loader_path/Frameworks";
				PRODUCT_BUNDLE_IDENTIFIER = dbrownman.PitchAwesomeUITests;
				PRODUCT_NAME = "$(TARGET_NAME)";
				TEST_TARGET_NAME = PitchAwesome;
				USES_XCTRUNNER = YES;
			};
			name = Release;
		};
/* End XCBuildConfiguration section */

/* Begin XCConfigurationList section */
		630217971BB12618002C1063 /* Build configuration list for PBXProject "PitchAwesome" */ = {
			isa = XCConfigurationList;
			buildConfigurations = (
				630217C21BB12618002C1063 /* Debug */,
				630217C31BB12618002C1063 /* Release */,
			);
			defaultConfigurationIsVisible = 0;
			defaultConfigurationName = Release;
		};
		630217C41BB12618002C1063 /* Build configuration list for PBXNativeTarget "PitchAwesome" */ = {
			isa = XCConfigurationList;
			buildConfigurations = (
				630217C51BB12618002C1063 /* Debug */,
				630217C61BB12618002C1063 /* Release */,
			);
			defaultConfigurationIsVisible = 0;
			defaultConfigurationName = Release;
		};
		630217C71BB12618002C1063 /* Build configuration list for PBXNativeTarget "PitchAwesomeTests" */ = {
			isa = XCConfigurationList;
			buildConfigurations = (
				630217C81BB12618002C1063 /* Debug */,
				630217C91BB12618002C1063 /* Release */,
			);
			defaultConfigurationIsVisible = 0;
			defaultConfigurationName = Release;
		};
		630217CA1BB12618002C1063 /* Build configuration list for PBXNativeTarget "PitchAwesomeUITests" */ = {
			isa = XCConfigurationList;
			buildConfigurations = (
				630217CB1BB12618002C1063 /* Debug */,
				630217CC1BB12618002C1063 /* Release */,
			);
			defaultConfigurationIsVisible = 0;
			defaultConfigurationName = Release;
		};
/* End XCConfigurationList section */
	};
	rootObject = 630217941BB12618002C1063 /* Project object */;
}
